// !$*UTF8*$!
{
	archiveVersion = 1;
	classes = {
	};
	objectVersion = 50;
	objects = {

/* Begin PBXBuildFile section */
		46F20B7A2256B92F00C414DE /* AppDelegate.swift in Sources */ = {isa = PBXBuildFile; fileRef = 46F20B792256B92F00C414DE /* AppDelegate.swift */; };
		46F20B7C2256B92F00C414DE /* ListViewController.swift in Sources */ = {isa = PBXBuildFile; fileRef = 46F20B7B2256B92F00C414DE /* ListViewController.swift */; };
		46F20B7F2256B92F00C414DE /* Main.storyboard in Resources */ = {isa = PBXBuildFile; fileRef = 46F20B7D2256B92F00C414DE /* Main.storyboard */; };
		46F20B812256B93400C414DE /* Assets.xcassets in Resources */ = {isa = PBXBuildFile; fileRef = 46F20B802256B93400C414DE /* Assets.xcassets */; };
		46F20B842256B93400C414DE /* LaunchScreen.storyboard in Resources */ = {isa = PBXBuildFile; fileRef = 46F20B822256B93400C414DE /* LaunchScreen.storyboard */; };
		46F20B8D2256BC3000C414DE /* ListDataSource.swift in Sources */ = {isa = PBXBuildFile; fileRef = 46F20B8C2256BC3000C414DE /* ListDataSource.swift */; };
		46F20B8F2256BD7300C414DE /* SliderViewController.swift in Sources */ = {isa = PBXBuildFile; fileRef = 46F20B8E2256BD7300C414DE /* SliderViewController.swift */; };
		46F20B922256BF5900C414DE /* Animation.swift in Sources */ = {isa = PBXBuildFile; fileRef = 46F20B912256BF5900C414DE /* Animation.swift */; };
		46F20B952256C36600C414DE /* ListCollectionViewCell.swift in Sources */ = {isa = PBXBuildFile; fileRef = 46F20B942256C36600C414DE /* ListCollectionViewCell.swift */; };
/* End PBXBuildFile section */

/* Begin PBXFileReference section */
		46F20B762256B92F00C414DE /* Animations-Lottie.app */ = {isa = PBXFileReference; explicitFileType = wrapper.application; includeInIndex = 0; path = "Animations-Lottie.app"; sourceTree = BUILT_PRODUCTS_DIR; };
		46F20B792256B92F00C414DE /* AppDelegate.swift */ = {isa = PBXFileReference; lastKnownFileType = sourcecode.swift; path = AppDelegate.swift; sourceTree = "<group>"; };
		46F20B7B2256B92F00C414DE /* ListViewController.swift */ = {isa = PBXFileReference; lastKnownFileType = sourcecode.swift; path = ListViewController.swift; sourceTree = "<group>"; };
		46F20B7E2256B92F00C414DE /* Base */ = {isa = PBXFileReference; lastKnownFileType = file.storyboard; name = Base; path = Base.lproj/Main.storyboard; sourceTree = "<group>"; };
		46F20B802256B93400C414DE /* Assets.xcassets */ = {isa = PBXFileReference; lastKnownFileType = folder.assetcatalog; path = Assets.xcassets; sourceTree = "<group>"; };
		46F20B832256B93400C414DE /* Base */ = {isa = PBXFileReference; lastKnownFileType = file.storyboard; name = Base; path = Base.lproj/LaunchScreen.storyboard; sourceTree = "<group>"; };
		46F20B852256B93400C414DE /* Info.plist */ = {isa = PBXFileReference; lastKnownFileType = text.plist.xml; path = Info.plist; sourceTree = "<group>"; };
		46F20B8C2256BC3000C414DE /* ListDataSource.swift */ = {isa = PBXFileReference; lastKnownFileType = sourcecode.swift; path = ListDataSource.swift; sourceTree = "<group>"; };
		46F20B8E2256BD7300C414DE /* SliderViewController.swift */ = {isa = PBXFileReference; lastKnownFileType = sourcecode.swift; path = SliderViewController.swift; sourceTree = "<group>"; };
		46F20B912256BF5900C414DE /* Animation.swift */ = {isa = PBXFileReference; lastKnownFileType = sourcecode.swift; path = Animation.swift; sourceTree = "<group>"; };
		46F20B942256C36600C414DE /* ListCollectionViewCell.swift */ = {isa = PBXFileReference; lastKnownFileType = sourcecode.swift; path = ListCollectionViewCell.swift; sourceTree = "<group>"; };
/* End PBXFileReference section */

/* Begin PBXFrameworksBuildPhase section */
		46F20B732256B92F00C414DE /* Frameworks */ = {
			isa = PBXFrameworksBuildPhase;
			buildActionMask = 2147483647;
			files = (
			);
			runOnlyForDeploymentPostprocessing = 0;
		};
/* End PBXFrameworksBuildPhase section */

/* Begin PBXGroup section */
		46F20B6D2256B92F00C414DE = {
			isa = PBXGroup;
			children = (
				46F20B782256B92F00C414DE /* Animations-Lottie */,
				46F20B772256B92F00C414DE /* Products */,
			);
			sourceTree = "<group>";
		};
		46F20B772256B92F00C414DE /* Products */ = {
			isa = PBXGroup;
			children = (
				46F20B762256B92F00C414DE /* Animations-Lottie.app */,
			);
			name = Products;
			sourceTree = "<group>";
		};
		46F20B782256B92F00C414DE /* Animations-Lottie */ = {
			isa = PBXGroup;
			children = (
				46F20B792256B92F00C414DE /* AppDelegate.swift */,
				46F20B932256BF6200C414DE /* Models */,
				46F20B8B2256BC1C00C414DE /* List */,
				46F20B902256BD7B00C414DE /* ViewControllers */,
				46F20B7D2256B92F00C414DE /* Main.storyboard */,
				46F20B802256B93400C414DE /* Assets.xcassets */,
				46F20B822256B93400C414DE /* LaunchScreen.storyboard */,
				46F20B852256B93400C414DE /* Info.plist */,
			);
			path = "Animations-Lottie";
			sourceTree = "<group>";
		};
		46F20B8B2256BC1C00C414DE /* List */ = {
			isa = PBXGroup;
			children = (
				46F20B7B2256B92F00C414DE /* ListViewController.swift */,
				46F20B8C2256BC3000C414DE /* ListDataSource.swift */,
				46F20B942256C36600C414DE /* ListCollectionViewCell.swift */,
			);
			path = List;
			sourceTree = "<group>";
		};
		46F20B902256BD7B00C414DE /* ViewControllers */ = {
			isa = PBXGroup;
			children = (
				46F20B8E2256BD7300C414DE /* SliderViewController.swift */,
			);
			path = ViewControllers;
			sourceTree = "<group>";
		};
		46F20B932256BF6200C414DE /* Models */ = {
			isa = PBXGroup;
			children = (
				46F20B912256BF5900C414DE /* Animation.swift */,
			);
			path = Models;
			sourceTree = "<group>";
		};
/* End PBXGroup section */

/* Begin PBXNativeTarget section */
		46F20B752256B92F00C414DE /* Animations-Lottie */ = {
			isa = PBXNativeTarget;
			buildConfigurationList = 46F20B882256B93400C414DE /* Build configuration list for PBXNativeTarget "Animations-Lottie" */;
			buildPhases = (
				46F20B722256B92F00C414DE /* Sources */,
				46F20B732256B92F00C414DE /* Frameworks */,
				46F20B742256B92F00C414DE /* Resources */,
			);
			buildRules = (
			);
			dependencies = (
			);
			name = "Animations-Lottie";
			productName = "Animations-Lottie";
			productReference = 46F20B762256B92F00C414DE /* Animations-Lottie.app */;
			productType = "com.apple.product-type.application";
		};
/* End PBXNativeTarget section */

/* Begin PBXProject section */
		46F20B6E2256B92F00C414DE /* Project object */ = {
			isa = PBXProject;
			attributes = {
				LastSwiftUpdateCheck = 1020;
				LastUpgradeCheck = 1020;
				ORGANIZATIONNAME = huerdo;
				TargetAttributes = {
					46F20B752256B92F00C414DE = {
						CreatedOnToolsVersion = 10.2;
					};
				};
			};
			buildConfigurationList = 46F20B712256B92F00C414DE /* Build configuration list for PBXProject "Animations-Lottie" */;
			compatibilityVersion = "Xcode 9.3";
			developmentRegion = en;
			hasScannedForEncodings = 0;
			knownRegions = (
				en,
				Base,
			);
			mainGroup = 46F20B6D2256B92F00C414DE;
			productRefGroup = 46F20B772256B92F00C414DE /* Products */;
			projectDirPath = "";
			projectRoot = "";
			targets = (
				46F20B752256B92F00C414DE /* Animations-Lottie */,
			);
		};
/* End PBXProject section */

/* Begin PBXResourcesBuildPhase section */
		46F20B742256B92F00C414DE /* Resources */ = {
			isa = PBXResourcesBuildPhase;
			buildActionMask = 2147483647;
			files = (
				46F20B842256B93400C414DE /* LaunchScreen.storyboard in Resources */,
				46F20B812256B93400C414DE /* Assets.xcassets in Resources */,
				46F20B7F2256B92F00C414DE /* Main.storyboard in Resources */,
			);
			runOnlyForDeploymentPostprocessing = 0;
		};
/* End PBXResourcesBuildPhase section */

/* Begin PBXSourcesBuildPhase section */
		46F20B722256B92F00C414DE /* Sources */ = {
			isa = PBXSourcesBuildPhase;
			buildActionMask = 2147483647;
			files = (
				46F20B952256C36600C414DE /* ListCollectionViewCell.swift in Sources */,
				46F20B7C2256B92F00C414DE /* ListViewController.swift in Sources */,
				46F20B8D2256BC3000C414DE /* ListDataSource.swift in Sources */,
				46F20B7A2256B92F00C414DE /* AppDelegate.swift in Sources */,
				46F20B922256BF5900C414DE /* Animation.swift in Sources */,
				46F20B8F2256BD7300C414DE /* SliderViewController.swift in Sources */,
			);
			runOnlyForDeploymentPostprocessing = 0;
		};
/* End PBXSourcesBuildPhase section */

/* Begin PBXVariantGroup section */
		46F20B7D2256B92F00C414DE /* Main.storyboard */ = {
			isa = PBXVariantGroup;
			children = (
				46F20B7E2256B92F00C414DE /* Base */,
			);
			name = Main.storyboard;
			sourceTree = "<group>";
		};
		46F20B822256B93400C414DE /* LaunchScreen.storyboard */ = {
			isa = PBXVariantGroup;
			children = (
				46F20B832256B93400C414DE /* Base */,
			);
			name = LaunchScreen.storyboard;
			sourceTree = "<group>";
		};
/* End PBXVariantGroup section */

/* Begin XCBuildConfiguration section */
		46F20B862256B93400C414DE /* Debug */ = {
			isa = XCBuildConfiguration;
			buildSettings = {
				ALWAYS_SEARCH_USER_PATHS = NO;
				CLANG_ANALYZER_NONNULL = YES;
				CLANG_ANALYZER_NUMBER_OBJECT_CONVERSION = YES_AGGRESSIVE;
				CLANG_CXX_LANGUAGE_STANDARD = "gnu++14";
				CLANG_CXX_LIBRARY = "libc++";
				CLANG_ENABLE_MODULES = YES;
				CLANG_ENABLE_OBJC_ARC = YES;
				CLANG_ENABLE_OBJC_WEAK = YES;
				CLANG_WARN_BLOCK_CAPTURE_AUTORELEASING = YES;
				CLANG_WARN_BOOL_CONVERSION = YES;
				CLANG_WARN_COMMA = YES;
				CLANG_WARN_CONSTANT_CONVERSION = YES;
				CLANG_WARN_DEPRECATED_OBJC_IMPLEMENTATIONS = YES;
				CLANG_WARN_DIRECT_OBJC_ISA_USAGE = YES_ERROR;
				CLANG_WARN_DOCUMENTATION_COMMENTS = YES;
				CLANG_WARN_EMPTY_BODY = YES;
				CLANG_WARN_ENUM_CONVERSION = YES;
				CLANG_WARN_INFINITE_RECURSION = YES;
				CLANG_WARN_INT_CONVERSION = YES;
				CLANG_WARN_NON_LITERAL_NULL_CONVERSION = YES;
				CLANG_WARN_OBJC_IMPLICIT_RETAIN_SELF = YES;
				CLANG_WARN_OBJC_LITERAL_CONVERSION = YES;
				CLANG_WARN_OBJC_ROOT_CLASS = YES_ERROR;
				CLANG_WARN_RANGE_LOOP_ANALYSIS = YES;
				CLANG_WARN_STRICT_PROTOTYPES = YES;
				CLANG_WARN_SUSPICIOUS_MOVE = YES;
				CLANG_WARN_UNGUARDED_AVAILABILITY = YES_AGGRESSIVE;
				CLANG_WARN_UNREACHABLE_CODE = YES;
				CLANG_WARN__DUPLICATE_METHOD_MATCH = YES;
				CODE_SIGN_IDENTITY = "iPhone Developer";
				COPY_PHASE_STRIP = NO;
				DEBUG_INFORMATION_FORMAT = dwarf;
				ENABLE_STRICT_OBJC_MSGSEND = YES;
				ENABLE_TESTABILITY = YES;
				GCC_C_LANGUAGE_STANDARD = gnu11;
				GCC_DYNAMIC_NO_PIC = NO;
				GCC_NO_COMMON_BLOCKS = YES;
				GCC_OPTIMIZATION_LEVEL = 0;
				GCC_PREPROCESSOR_DEFINITIONS = (
					"DEBUG=1",
					"$(inherited)",
				);
				GCC_WARN_64_TO_32_BIT_CONVERSION = YES;
				GCC_WARN_ABOUT_RETURN_TYPE = YES_ERROR;
				GCC_WARN_UNDECLARED_SELECTOR = YES;
				GCC_WARN_UNINITIALIZED_AUTOS = YES_AGGRESSIVE;
				GCC_WARN_UNUSED_FUNCTION = YES;
				GCC_WARN_UNUSED_VARIABLE = YES;
				IPHONEOS_DEPLOYMENT_TARGET = 12.2;
				MTL_ENABLE_DEBUG_INFO = INCLUDE_SOURCE;
				MTL_FAST_MATH = YES;
				ONLY_ACTIVE_ARCH = YES;
				SDKROOT = iphoneos;
				SWIFT_ACTIVE_COMPILATION_CONDITIONS = DEBUG;
				SWIFT_OPTIMIZATION_LEVEL = "-Onone";
			};
			name = Debug;
		};
		46F20B872256B93400C414DE /* Release */ = {
			isa = XCBuildConfiguration;
			buildSettings = {
				ALWAYS_SEARCH_USER_PATHS = NO;
				CLANG_ANALYZER_NONNULL = YES;
				CLANG_ANALYZER_NUMBER_OBJECT_CONVERSION = YES_AGGRESSIVE;
				CLANG_CXX_LANGUAGE_STANDARD = "gnu++14";
				CLANG_CXX_LIBRARY = "libc++";
				CLANG_ENABLE_MODULES = YES;
				CLANG_ENABLE_OBJC_ARC = YES;
				CLANG_ENABLE_OBJC_WEAK = YES;
				CLANG_WARN_BLOCK_CAPTURE_AUTORELEASING = YES;
				CLANG_WARN_BOOL_CONVERSION = YES;
				CLANG_WARN_COMMA = YES;
				CLANG_WARN_CONSTANT_CONVERSION = YES;
				CLANG_WARN_DEPRECATED_OBJC_IMPLEMENTATIONS = YES;
				CLANG_WARN_DIRECT_OBJC_ISA_USAGE = YES_ERROR;
				CLANG_WARN_DOCUMENTATION_COMMENTS = YES;
				CLANG_WARN_EMPTY_BODY = YES;
				CLANG_WARN_ENUM_CONVERSION = YES;
				CLANG_WARN_INFINITE_RECURSION = YES;
				CLANG_WARN_INT_CONVERSION = YES;
				CLANG_WARN_NON_LITERAL_NULL_CONVERSION = YES;
				CLANG_WARN_OBJC_IMPLICIT_RETAIN_SELF = YES;
				CLANG_WARN_OBJC_LITERAL_CONVERSION = YES;
				CLANG_WARN_OBJC_ROOT_CLASS = YES_ERROR;
				CLANG_WARN_RANGE_LOOP_ANALYSIS = YES;
				CLANG_WARN_STRICT_PROTOTYPES = YES;
				CLANG_WARN_SUSPICIOUS_MOVE = YES;
				CLANG_WARN_UNGUARDED_AVAILABILITY = YES_AGGRESSIVE;
				CLANG_WARN_UNREACHABLE_CODE = YES;
				CLANG_WARN__DUPLICATE_METHOD_MATCH = YES;
				CODE_SIGN_IDENTITY = "iPhone Developer";
				COPY_PHASE_STRIP = NO;
				DEBUG_INFORMATION_FORMAT = "dwarf-with-dsym";
				ENABLE_NS_ASSERTIONS = NO;
				ENABLE_STRICT_OBJC_MSGSEND = YES;
				GCC_C_LANGUAGE_STANDARD = gnu11;
				GCC_NO_COMMON_BLOCKS = YES;
				GCC_WARN_64_TO_32_BIT_CONVERSION = YES;
				GCC_WARN_ABOUT_RETURN_TYPE = YES_ERROR;
				GCC_WARN_UNDECLARED_SELECTOR = YES;
				GCC_WARN_UNINITIALIZED_AUTOS = YES_AGGRESSIVE;
				GCC_WARN_UNUSED_FUNCTION = YES;
				GCC_WARN_UNUSED_VARIABLE = YES;
				IPHONEOS_DEPLOYMENT_TARGET = 12.2;
				MTL_ENABLE_DEBUG_INFO = NO;
				MTL_FAST_MATH = YES;
				SDKROOT = iphoneos;
				SWIFT_COMPILATION_MODE = wholemodule;
				SWIFT_OPTIMIZATION_LEVEL = "-O";
				VALIDATE_PRODUCT = YES;
			};
			name = Release;
		};
		46F20B892256B93400C414DE /* Debug */ = {
			isa = XCBuildConfiguration;
			buildSettings = {
				ASSETCATALOG_COMPILER_APPICON_NAME = AppIcon;
				CODE_SIGN_STYLE = Automatic;
				DEVELOPMENT_TEAM = W7764ZQNWC;
				INFOPLIST_FILE = "Animations-Lottie/Info.plist";
				LD_RUNPATH_SEARCH_PATHS = (
					"$(inherited)",
					"@executable_path/Frameworks",
				);
				PRODUCT_BUNDLE_IDENTIFIER = "com.huerdo.Animations-Lottie";
				PRODUCT_NAME = "$(TARGET_NAME)";
				SWIFT_VERSION = 5.0;
				TARGETED_DEVICE_FAMILY = "1,2";
			};
			name = Debug;
		};
		46F20B8A2256B93400C414DE /* Release */ = {
			isa = XCBuildConfiguration;
			buildSettings = {
				ASSETCATALOG_COMPILER_APPICON_NAME = AppIcon;
				CODE_SIGN_STYLE = Automatic;
				DEVELOPMENT_TEAM = W7764ZQNWC;
				INFOPLIST_FILE = "Animations-Lottie/Info.plist";
				LD_RUNPATH_SEARCH_PATHS = (
					"$(inherited)",
					"@executable_path/Frameworks",
				);
				PRODUCT_BUNDLE_IDENTIFIER = "com.huerdo.Animations-Lottie";
				PRODUCT_NAME = "$(TARGET_NAME)";
				SWIFT_VERSION = 5.0;
				TARGETED_DEVICE_FAMILY = "1,2";
			};
			name = Release;
		};
/* End XCBuildConfiguration section */

/* Begin XCConfigurationList section */
		46F20B712256B92F00C414DE /* Build configuration list for PBXProject "Animations-Lottie" */ = {
			isa = XCConfigurationList;
			buildConfigurations = (
				46F20B862256B93400C414DE /* Debug */,
				46F20B872256B93400C414DE /* Release */,
			);
			defaultConfigurationIsVisible = 0;
			defaultConfigurationName = Release;
		};
		46F20B882256B93400C414DE /* Build configuration list for PBXNativeTarget "Animations-Lottie" */ = {
			isa = XCConfigurationList;
			buildConfigurations = (
				46F20B892256B93400C414DE /* Debug */,
				46F20B8A2256B93400C414DE /* Release */,
			);
			defaultConfigurationIsVisible = 0;
			defaultConfigurationName = Release;
		};
/* End XCConfigurationList section */
	};
	rootObject = 46F20B6E2256B92F00C414DE /* Project object */;
}
